<Solution>
  <Folder Name="/FrontEnd/">
    <Project Path="Mango.Web/Mango.Web.csproj" Id="681f4f7f-d939-4fbf-87c3-371b01e4aa17" />
  </Folder>
  <Folder Name="/Gateway/" />
  <Folder Name="/Integration/" />
  <Folder Name="/Services/">
    <Project Path="Mango.Services.CouponAPI/Mango.Services.CouponAPI.csproj" />
  </Folder>
</Solution>
